Microsoft Visual Studio Solution File, Format Version 11.00
# Visual Studio 2008

Project("{4D3F6FDB-DC8F-BE8D-79EA-AF1226CAFC9F}") = "Poo-ng", "Assembly-CSharp-firstpass.csproj", "{4F5A691C-33B8-AF38-91A3-71E7A7AA3927}"
EndProject
Project("{4D3F6FDB-DC8F-BE8D-79EA-AF1226CAFC9F}") = "Poo-ng", "Assembly-CSharp.csproj", "{99BA08EB-1B04-8184-7D32-EC374AB90301}"
EndProject
Project("{4D3F6FDB-DC8F-BE8D-79EA-AF1226CAFC9F}") = "Poo-ng", "Assembly-CSharp-Editor.csproj", "{66A4111D-600D-3E1A-F6C7-3F7AB5B98DF1}"
EndProject
Global
	GlobalSection(SolutionConfigurationPlatforms) = preSolution
		Debug|Any CPU = Debug|Any CPU
		Release|Any CPU = Release|Any CPU
	EndGlobalSection
	GlobalSection(ProjectConfigurationPlatforms) = postSolution
		{4F5A691C-33B8-AF38-91A3-71E7A7AA3927}.Debug|Any CPU.ActiveCfg = Debug|Any CPU
		{4F5A691C-33B8-AF38-91A3-71E7A7AA3927}.Debug|Any CPU.Build.0 = Debug|Any CPU
		{4F5A691C-33B8-AF38-91A3-71E7A7AA3927}.Release|Any CPU.ActiveCfg = Release|Any CPU
		{4F5A691C-33B8-AF38-91A3-71E7A7AA3927}.Release|Any CPU.Build.0 = Release|Any CPU
		{99BA08EB-1B04-8184-7D32-EC374AB90301}.Debug|Any CPU.ActiveCfg = Debug|Any CPU
		{99BA08EB-1B04-8184-7D32-EC374AB90301}.Debug|Any CPU.Build.0 = Debug|Any CPU
		{99BA08EB-1B04-8184-7D32-EC374AB90301}.Release|Any CPU.ActiveCfg = Release|Any CPU
		{99BA08EB-1B04-8184-7D32-EC374AB90301}.Release|Any CPU.Build.0 = Release|Any CPU
		{66A4111D-600D-3E1A-F6C7-3F7AB5B98DF1}.Debug|Any CPU.ActiveCfg = Debug|Any CPU
		{66A4111D-600D-3E1A-F6C7-3F7AB5B98DF1}.Debug|Any CPU.Build.0 = Debug|Any CPU
		{66A4111D-600D-3E1A-F6C7-3F7AB5B98DF1}.Release|Any CPU.ActiveCfg = Release|Any CPU
		{66A4111D-600D-3E1A-F6C7-3F7AB5B98DF1}.Release|Any CPU.Build.0 = Release|Any CPU
	EndGlobalSection
	GlobalSection(SolutionProperties) = preSolution
		HideSolutionNode = FALSE
	EndGlobalSection
	GlobalSection(MonoDevelopProperties) = preSolution
		StartupItem = Assembly-CSharp.csproj
	EndGlobalSection
EndGlobal
